
Microsoft Visual Studio Solution File, Format Version 12.00
# Visual Studio Version 17
VisualStudioVersion = 17.2.32616.157
MinimumVisualStudioVersion = 10.0.40219.1
Project("{FAE04EC0-301F-11D3-BF4B-00C04F79EFBC}") = "TaskManagement", "TaskManagement\TaskManagement.csproj", "{B8CE9D1B-8D87-4141-BC90-576998D87139}"
EndProject
Global
	GlobalSection(SolutionConfigurationPlatforms) = preSolution
		Debug|Any CPU = Debug|Any CPU
		Release|Any CPU = Release|Any CPU
	EndGlobalSection
	GlobalSection(ProjectConfigurationPlatforms) = postSolution
		{B8CE9D1B-8D87-4141-BC90-576998D87139}.Debug|Any CPU.ActiveCfg = Debug|Any CPU
		{B8CE9D1B-8D87-4141-BC90-576998D87139}.Debug|Any CPU.Build.0 = Debug|Any CPU
		{B8CE9D1B-8D87-4141-BC90-576998D87139}.Release|Any CPU.ActiveCfg = Release|Any CPU
		{B8CE9D1B-8D87-4141-BC90-576998D87139}.Release|Any CPU.Build.0 = Release|Any CPU
	EndGlobalSection
	GlobalSection(SolutionProperties) = preSolution
		HideSolutionNode = FALSE
	EndGlobalSection
	GlobalSection(ExtensibilityGlobals) = postSolution
		SolutionGuid = {6FA1C0AE-86F8-49F1-B735-271C296593F0}
	EndGlobalSection
EndGlobal
